
Microsoft Visual Studio Solution File, Format Version 12.00
# Visual Studio 15
VisualStudioVersion = 15.0.28307.271
MinimumVisualStudioVersion = 10.0.40219.1
Project("{FAE04EC0-301F-11D3-BF4B-00C04F79EFBC}") = "ASP.NET Core 2.2 with Angular 72", "ASP.NET Core 2.2 with Angular 72.csproj", "{F71754A2-05C5-4A2B-9B94-ADA301B9B635}"
EndProject
Global
	GlobalSection(SolutionConfigurationPlatforms) = preSolution
		Debug|Any CPU = Debug|Any CPU
		Release|Any CPU = Release|Any CPU
	EndGlobalSection
	GlobalSection(ProjectConfigurationPlatforms) = postSolution
		{F71754A2-05C5-4A2B-9B94-ADA301B9B635}.Debug|Any CPU.ActiveCfg = Debug|Any CPU
		{F71754A2-05C5-4A2B-9B94-ADA301B9B635}.Debug|Any CPU.Build.0 = Debug|Any CPU
		{F71754A2-05C5-4A2B-9B94-ADA301B9B635}.Release|Any CPU.ActiveCfg = Release|Any CPU
		{F71754A2-05C5-4A2B-9B94-ADA301B9B635}.Release|Any CPU.Build.0 = Release|Any CPU
	EndGlobalSection
	GlobalSection(SolutionProperties) = preSolution
		HideSolutionNode = FALSE
	EndGlobalSection
	GlobalSection(ExtensibilityGlobals) = postSolution
		SolutionGuid = {55E441A2-00C7-4FC4-9578-3F76F1FF1908}
	EndGlobalSection
EndGlobal
